
Microsoft Visual Studio Solution File, Format Version 12.00
# Visual Studio Version 17
VisualStudioVersion = 17.4.33213.308
MinimumVisualStudioVersion = 10.0.40219.1
Project("{FAE04EC0-301F-11D3-BF4B-00C04F79EFBC}") = "HW Text editor and guide", "HW Text editor and guide\HW Text editor and guide.csproj", "{67AE55AF-A0AC-44F1-BF2A-D2C41525179C}"
EndProject
Global
	GlobalSection(SolutionConfigurationPlatforms) = preSolution
		Debug|Any CPU = Debug|Any CPU
		Release|Any CPU = Release|Any CPU
	EndGlobalSection
	GlobalSection(ProjectConfigurationPlatforms) = postSolution
		{67AE55AF-A0AC-44F1-BF2A-D2C41525179C}.Debug|Any CPU.ActiveCfg = Debug|Any CPU
		{67AE55AF-A0AC-44F1-BF2A-D2C41525179C}.Debug|Any CPU.Build.0 = Debug|Any CPU
		{67AE55AF-A0AC-44F1-BF2A-D2C41525179C}.Release|Any CPU.ActiveCfg = Release|Any CPU
		{67AE55AF-A0AC-44F1-BF2A-D2C41525179C}.Release|Any CPU.Build.0 = Release|Any CPU
	EndGlobalSection
	GlobalSection(SolutionProperties) = preSolution
		HideSolutionNode = FALSE
	EndGlobalSection
	GlobalSection(ExtensibilityGlobals) = postSolution
		SolutionGuid = {037EDAB8-DAD8-45A7-AF25-7BACEE64AB3E}
	EndGlobalSection
EndGlobal
